
Microsoft Visual Studio Solution File, Format Version 12.00
# Visual Studio Version 17
VisualStudioVersion = 17.9.34607.119
MinimumVisualStudioVersion = 10.0.40219.1
Project("{9A19103F-16F7-4668-BE54-9A1E7A4F7556}") = "SeniorLearnWebApi", "SeniorLearnWebApi.csproj", "{B895C947-BC7E-4D2E-A71D-951B46F6AC71}"
EndProject
Global
	GlobalSection(SolutionConfigurationPlatforms) = preSolution
		Debug|Any CPU = Debug|Any CPU
		Release|Any CPU = Release|Any CPU
	EndGlobalSection
	GlobalSection(ProjectConfigurationPlatforms) = postSolution
		{B895C947-BC7E-4D2E-A71D-951B46F6AC71}.Debug|Any CPU.ActiveCfg = Debug|Any CPU
		{B895C947-BC7E-4D2E-A71D-951B46F6AC71}.Debug|Any CPU.Build.0 = Debug|Any CPU
		{B895C947-BC7E-4D2E-A71D-951B46F6AC71}.Release|Any CPU.ActiveCfg = Release|Any CPU
		{B895C947-BC7E-4D2E-A71D-951B46F6AC71}.Release|Any CPU.Build.0 = Release|Any CPU
	EndGlobalSection
	GlobalSection(SolutionProperties) = preSolution
		HideSolutionNode = FALSE
	EndGlobalSection
	GlobalSection(ExtensibilityGlobals) = postSolution
		SolutionGuid = {A9972A6C-348A-4555-9E78-268822B17A2E}
	EndGlobalSection
EndGlobal
