
Microsoft Visual Studio Solution File, Format Version 12.00
# Visual Studio Version 17
VisualStudioVersion = 17.9.34607.119
MinimumVisualStudioVersion = 10.0.40219.1
Project("{FAE04EC0-301F-11D3-BF4B-00C04F79EFBC}") = "SeniorLearnConsole", "SeniorLearnConsole\SeniorLearnConsole.csproj", "{787184F6-D5A0-4FA5-8F76-EE96D83D5205}"
EndProject
Global
	GlobalSection(SolutionConfigurationPlatforms) = preSolution
		Debug|Any CPU = Debug|Any CPU
		Release|Any CPU = Release|Any CPU
	EndGlobalSection
	GlobalSection(ProjectConfigurationPlatforms) = postSolution
		{787184F6-D5A0-4FA5-8F76-EE96D83D5205}.Debug|Any CPU.ActiveCfg = Debug|Any CPU
		{787184F6-D5A0-4FA5-8F76-EE96D83D5205}.Debug|Any CPU.Build.0 = Debug|Any CPU
		{787184F6-D5A0-4FA5-8F76-EE96D83D5205}.Release|Any CPU.ActiveCfg = Release|Any CPU
		{787184F6-D5A0-4FA5-8F76-EE96D83D5205}.Release|Any CPU.Build.0 = Release|Any CPU
	EndGlobalSection
	GlobalSection(SolutionProperties) = preSolution
		HideSolutionNode = FALSE
	EndGlobalSection
	GlobalSection(ExtensibilityGlobals) = postSolution
		SolutionGuid = {550FC0A9-9157-4A4A-BB49-CF9A1FB1E998}
	EndGlobalSection
EndGlobal
